// !$*UTF8*$!
{
	archiveVersion = 1;
	classes = {
	};
	objectVersion = 55;
	objects = {

/* Begin PBXBuildFile section */
		D20BFE1C27BFDE2C00E410C0 /* FirstView.swift in Sources */ = {isa = PBXBuildFile; fileRef = D20BFE1B27BFDE2C00E410C0 /* FirstView.swift */; };
		D20BFE1E27BFDEDC00E410C0 /* Avvertenze.swift in Sources */ = {isa = PBXBuildFile; fileRef = D20BFE1D27BFDEDC00E410C0 /* Avvertenze.swift */; };
		D20BFE2527C003F400E410C0 /* InfoView.swift in Sources */ = {isa = PBXBuildFile; fileRef = D20BFE2427C003F400E410C0 /* InfoView.swift */; };
		D21D64D027BD1A6500DC41E3 /* App_App.swift in Sources */ = {isa = PBXBuildFile; fileRef = D21D64CF27BD1A6500DC41E3 /* App_App.swift */; };
		D21D64D227BD1A6500DC41E3 /* ContentView.swift in Sources */ = {isa = PBXBuildFile; fileRef = D21D64D127BD1A6500DC41E3 /* ContentView.swift */; };
		D21D64D427BD1A6700DC41E3 /* Assets.xcassets in Resources */ = {isa = PBXBuildFile; fileRef = D21D64D327BD1A6700DC41E3 /* Assets.xcassets */; };
		D21D64D727BD1A6700DC41E3 /* Preview Assets.xcassets in Resources */ = {isa = PBXBuildFile; fileRef = D21D64D627BD1A6700DC41E3 /* Preview Assets.xcassets */; };
		D21D64DB27BD1A6700DC41E3 /* App" WatchKit App.app in Embed Watch Content */ = {isa = PBXBuildFile; fileRef = D21D64DA27BD1A6700DC41E3 /* App" WatchKit App.app */; settings = {ATTRIBUTES = (RemoveHeadersOnCopy, ); }; };
		D21D64E027BD1A6800DC41E3 /* Assets.xcassets in Resources */ = {isa = PBXBuildFile; fileRef = D21D64DF27BD1A6800DC41E3 /* Assets.xcassets */; };
		D21D64E627BD1A6800DC41E3 /* App" WatchKit Extension.appex in Embed App Extensions */ = {isa = PBXBuildFile; fileRef = D21D64E527BD1A6800DC41E3 /* App" WatchKit Extension.appex */; settings = {ATTRIBUTES = (RemoveHeadersOnCopy, ); }; };
		D21D64EB27BD1A6800DC41E3 /* App_App.swift in Sources */ = {isa = PBXBuildFile; fileRef = D21D64EA27BD1A6800DC41E3 /* App_App.swift */; };
		D21D64ED27BD1A6800DC41E3 /* ContentView.swift in Sources */ = {isa = PBXBuildFile; fileRef = D21D64EC27BD1A6800DC41E3 /* ContentView.swift */; };
		D21D64EF27BD1A6800DC41E3 /* NotificationController.swift in Sources */ = {isa = PBXBuildFile; fileRef = D21D64EE27BD1A6800DC41E3 /* NotificationController.swift */; };
		D21D64F127BD1A6800DC41E3 /* NotificationView.swift in Sources */ = {isa = PBXBuildFile; fileRef = D21D64F027BD1A6800DC41E3 /* NotificationView.swift */; };
		D21D64F527BD1A6800DC41E3 /* Assets.xcassets in Resources */ = {isa = PBXBuildFile; fileRef = D21D64F427BD1A6800DC41E3 /* Assets.xcassets */; };
		D21D64F827BD1A6800DC41E3 /* Preview Assets.xcassets in Resources */ = {isa = PBXBuildFile; fileRef = D21D64F727BD1A6800DC41E3 /* Preview Assets.xcassets */; };
		D21D650927BD1AA400DC41E3 /* Classifier.mlmodel in Sources */ = {isa = PBXBuildFile; fileRef = D21D650827BD1AA400DC41E3 /* Classifier.mlmodel */; };
		D21D650F27BD1BC000DC41E3 /* NotificationDelegate.swift in Sources */ = {isa = PBXBuildFile; fileRef = D21D650E27BD1BC000DC41E3 /* NotificationDelegate.swift */; };
		D21D651127BD1E1E00DC41E3 /* ResultObserver.swift in Sources */ = {isa = PBXBuildFile; fileRef = D21D651027BD1E1E00DC41E3 /* ResultObserver.swift */; };
		FA90DF6227C6875A00685321 /* ConnectivityProvider.swift in Sources */ = {isa = PBXBuildFile; fileRef = FA90DF6127C6875A00685321 /* ConnectivityProvider.swift */; };
		FA90DF6327C6877700685321 /* ConnectivityProvider.swift in Sources */ = {isa = PBXBuildFile; fileRef = FA90DF6127C6875A00685321 /* ConnectivityProvider.swift */; };
/* End PBXBuildFile section */

/* Begin PBXContainerItemProxy section */
		D21D64DC27BD1A6700DC41E3 /* PBXContainerItemProxy */ = {
			isa = PBXContainerItemProxy;
			containerPortal = D21D64C427BD1A6500DC41E3 /* Project object */;
			proxyType = 1;
			remoteGlobalIDString = D21D64D927BD1A6700DC41E3;
			remoteInfo = "App\" WatchKit App";
		};
		D21D64E727BD1A6800DC41E3 /* PBXContainerItemProxy */ = {
			isa = PBXContainerItemProxy;
			containerPortal = D21D64C427BD1A6500DC41E3 /* Project object */;
			proxyType = 1;
			remoteGlobalIDString = D21D64E427BD1A6800DC41E3;
			remoteInfo = "App\" WatchKit Extension";
		};
/* End PBXContainerItemProxy section */

/* Begin PBXCopyFilesBuildPhase section */
		D21D650027BD1A6800DC41E3 /* Embed App Extensions */ = {
			isa = PBXCopyFilesBuildPhase;
			buildActionMask = 2147483647;
			dstPath = "";
			dstSubfolderSpec = 13;
			files = (
				D21D64E627BD1A6800DC41E3 /* App" WatchKit Extension.appex in Embed App Extensions */,
			);
			name = "Embed App Extensions";
			runOnlyForDeploymentPostprocessing = 0;
		};
		D21D650427BD1A6800DC41E3 /* Embed Watch Content */ = {
			isa = PBXCopyFilesBuildPhase;
			buildActionMask = 2147483647;
			dstPath = "$(CONTENTS_FOLDER_PATH)/Watch";
			dstSubfolderSpec = 16;
			files = (
				D21D64DB27BD1A6700DC41E3 /* App" WatchKit App.app in Embed Watch Content */,
			);
			name = "Embed Watch Content";
			runOnlyForDeploymentPostprocessing = 0;
		};
/* End PBXCopyFilesBuildPhase section */

/* Begin PBXFileReference section */
		D20BFE1B27BFDE2C00E410C0 /* FirstView.swift */ = {isa = PBXFileReference; lastKnownFileType = sourcecode.swift; path = FirstView.swift; sourceTree = "<group>"; };
		D20BFE1D27BFDEDC00E410C0 /* Avvertenze.swift */ = {isa = PBXFileReference; lastKnownFileType = sourcecode.swift; path = Avvertenze.swift; sourceTree = "<group>"; };
		D20BFE2427C003F400E410C0 /* InfoView.swift */ = {isa = PBXFileReference; lastKnownFileType = sourcecode.swift; path = InfoView.swift; sourceTree = "<group>"; };
		D21D64CC27BD1A6500DC41E3 /* App".app */ = {isa = PBXFileReference; explicitFileType = wrapper.application; includeInIndex = 0; path = "App\".app"; sourceTree = BUILT_PRODUCTS_DIR; };
		D21D64CF27BD1A6500DC41E3 /* App_App.swift */ = {isa = PBXFileReference; lastKnownFileType = sourcecode.swift; path = App_App.swift; sourceTree = "<group>"; };
		D21D64D127BD1A6500DC41E3 /* ContentView.swift */ = {isa = PBXFileReference; lastKnownFileType = sourcecode.swift; path = ContentView.swift; sourceTree = "<group>"; };
		D21D64D327BD1A6700DC41E3 /* Assets.xcassets */ = {isa = PBXFileReference; lastKnownFileType = folder.assetcatalog; path = Assets.xcassets; sourceTree = "<group>"; };
		D21D64D627BD1A6700DC41E3 /* Preview Assets.xcassets */ = {isa = PBXFileReference; lastKnownFileType = folder.assetcatalog; path = "Preview Assets.xcassets"; sourceTree = "<group>"; };
		D21D64DA27BD1A6700DC41E3 /* App" WatchKit App.app */ = {isa = PBXFileReference; explicitFileType = wrapper.application; includeInIndex = 0; path = "App\" WatchKit App.app"; sourceTree = BUILT_PRODUCTS_DIR; };
		D21D64DF27BD1A6800DC41E3 /* Assets.xcassets */ = {isa = PBXFileReference; lastKnownFileType = folder.assetcatalog; path = Assets.xcassets; sourceTree = "<group>"; };
		D21D64E527BD1A6800DC41E3 /* App" WatchKit Extension.appex */ = {isa = PBXFileReference; explicitFileType = "wrapper.app-extension"; includeInIndex = 0; path = "App\" WatchKit Extension.appex"; sourceTree = BUILT_PRODUCTS_DIR; };
		D21D64EA27BD1A6800DC41E3 /* App_App.swift */ = {isa = PBXFileReference; lastKnownFileType = sourcecode.swift; path = App_App.swift; sourceTree = "<group>"; };
		D21D64EC27BD1A6800DC41E3 /* ContentView.swift */ = {isa = PBXFileReference; lastKnownFileType = sourcecode.swift; path = ContentView.swift; sourceTree = "<group>"; };
		D21D64EE27BD1A6800DC41E3 /* NotificationController.swift */ = {isa = PBXFileReference; lastKnownFileType = sourcecode.swift; path = NotificationController.swift; sourceTree = "<group>"; };
		D21D64F027BD1A6800DC41E3 /* NotificationView.swift */ = {isa = PBXFileReference; lastKnownFileType = sourcecode.swift; path = NotificationView.swift; sourceTree = "<group>"; };
		D21D64F427BD1A6800DC41E3 /* Assets.xcassets */ = {isa = PBXFileReference; lastKnownFileType = folder.assetcatalog; path = Assets.xcassets; sourceTree = "<group>"; };
		D21D64F727BD1A6800DC41E3 /* Preview Assets.xcassets */ = {isa = PBXFileReference; lastKnownFileType = folder.assetcatalog; path = "Preview Assets.xcassets"; sourceTree = "<group>"; };
		D21D64F927BD1A6800DC41E3 /* Info.plist */ = {isa = PBXFileReference; lastKnownFileType = text.plist.xml; path = Info.plist; sourceTree = "<group>"; };
		D21D64FA27BD1A6800DC41E3 /* PushNotificationPayload.apns */ = {isa = PBXFileReference; lastKnownFileType = text; path = PushNotificationPayload.apns; sourceTree = "<group>"; };
		D21D650827BD1AA400DC41E3 /* Classifier.mlmodel */ = {isa = PBXFileReference; lastKnownFileType = file.mlmodel; path = Classifier.mlmodel; sourceTree = "<group>"; };
		D21D650E27BD1BC000DC41E3 /* NotificationDelegate.swift */ = {isa = PBXFileReference; lastKnownFileType = sourcecode.swift; path = NotificationDelegate.swift; sourceTree = "<group>"; };
		D21D651027BD1E1E00DC41E3 /* ResultObserver.swift */ = {isa = PBXFileReference; lastKnownFileType = sourcecode.swift; path = ResultObserver.swift; sourceTree = "<group>"; };
		FA90DF6127C6875A00685321 /* ConnectivityProvider.swift */ = {isa = PBXFileReference; fileEncoding = 4; lastKnownFileType = sourcecode.swift; path = ConnectivityProvider.swift; sourceTree = "<group>"; };
/* End PBXFileReference section */

/* Begin PBXFrameworksBuildPhase section */
		D21D64C927BD1A6500DC41E3 /* Frameworks */ = {
			isa = PBXFrameworksBuildPhase;
			buildActionMask = 2147483647;
			files = (
			);
			runOnlyForDeploymentPostprocessing = 0;
		};
		D21D64E227BD1A6800DC41E3 /* Frameworks */ = {
			isa = PBXFrameworksBuildPhase;
			buildActionMask = 2147483647;
			files = (
			);
			runOnlyForDeploymentPostprocessing = 0;
		};
/* End PBXFrameworksBuildPhase section */

/* Begin PBXGroup section */
		D21D64C327BD1A6500DC41E3 = {
			isa = PBXGroup;
			children = (
				D21D650A27BD1AD000DC41E3 /* shared */,
				D21D64CE27BD1A6500DC41E3 /* App" */,
				D21D64DE27BD1A6700DC41E3 /* App" WatchKit App */,
				D21D64E927BD1A6800DC41E3 /* App" WatchKit Extension */,
				D21D64CD27BD1A6500DC41E3 /* Products */,
			);
			sourceTree = "<group>";
		};
		D21D64CD27BD1A6500DC41E3 /* Products */ = {
			isa = PBXGroup;
			children = (
				D21D64CC27BD1A6500DC41E3 /* App".app */,
				D21D64DA27BD1A6700DC41E3 /* App" WatchKit App.app */,
				D21D64E527BD1A6800DC41E3 /* App" WatchKit Extension.appex */,
			);
			name = Products;
			sourceTree = "<group>";
		};
		D21D64CE27BD1A6500DC41E3 /* App" */ = {
			isa = PBXGroup;
			children = (
				D21D650827BD1AA400DC41E3 /* Classifier.mlmodel */,
				D21D64CF27BD1A6500DC41E3 /* App_App.swift */,
				D21D64D127BD1A6500DC41E3 /* ContentView.swift */,
				D21D651027BD1E1E00DC41E3 /* ResultObserver.swift */,
				D20BFE1B27BFDE2C00E410C0 /* FirstView.swift */,
				D20BFE1D27BFDEDC00E410C0 /* Avvertenze.swift */,
				D20BFE2427C003F400E410C0 /* InfoView.swift */,
				D21D64D327BD1A6700DC41E3 /* Assets.xcassets */,
				D21D64D527BD1A6700DC41E3 /* Preview Content */,
			);
			path = "App\"";
			sourceTree = "<group>";
		};
		D21D64D527BD1A6700DC41E3 /* Preview Content */ = {
			isa = PBXGroup;
			children = (
				D21D64D627BD1A6700DC41E3 /* Preview Assets.xcassets */,
			);
			path = "Preview Content";
			sourceTree = "<group>";
		};
		D21D64DE27BD1A6700DC41E3 /* App" WatchKit App */ = {
			isa = PBXGroup;
			children = (
				D21D64DF27BD1A6800DC41E3 /* Assets.xcassets */,
			);
			path = "App\" WatchKit App";
			sourceTree = "<group>";
		};
		D21D64E927BD1A6800DC41E3 /* App" WatchKit Extension */ = {
			isa = PBXGroup;
			children = (
				D21D64EA27BD1A6800DC41E3 /* App_App.swift */,
				D21D64EC27BD1A6800DC41E3 /* ContentView.swift */,
				D21D64EE27BD1A6800DC41E3 /* NotificationController.swift */,
				D21D64F027BD1A6800DC41E3 /* NotificationView.swift */,
				D21D650E27BD1BC000DC41E3 /* NotificationDelegate.swift */,
				D21D64F427BD1A6800DC41E3 /* Assets.xcassets */,
				D21D64F927BD1A6800DC41E3 /* Info.plist */,
				D21D64FA27BD1A6800DC41E3 /* PushNotificationPayload.apns */,
				D21D64F627BD1A6800DC41E3 /* Preview Content */,
			);
			path = "App\" WatchKit Extension";
			sourceTree = "<group>";
		};
		D21D64F627BD1A6800DC41E3 /* Preview Content */ = {
			isa = PBXGroup;
			children = (
				D21D64F727BD1A6800DC41E3 /* Preview Assets.xcassets */,
			);
			path = "Preview Content";
			sourceTree = "<group>";
		};
		D21D650A27BD1AD000DC41E3 /* shared */ = {
			isa = PBXGroup;
			children = (
				FA90DF6127C6875A00685321 /* ConnectivityProvider.swift */,
			);
			path = shared;
			sourceTree = "<group>";
		};
/* End PBXGroup section */

/* Begin PBXNativeTarget section */
		D21D64CB27BD1A6500DC41E3 /* App" */ = {
			isa = PBXNativeTarget;
			buildConfigurationList = D21D650527BD1A6800DC41E3 /* Build configuration list for PBXNativeTarget "App"" */;
			buildPhases = (
				D21D64C827BD1A6500DC41E3 /* Sources */,
				D21D64C927BD1A6500DC41E3 /* Frameworks */,
				D21D64CA27BD1A6500DC41E3 /* Resources */,
				D21D650427BD1A6800DC41E3 /* Embed Watch Content */,
			);
			buildRules = (
			);
			dependencies = (
				D21D64DD27BD1A6700DC41E3 /* PBXTargetDependency */,
			);
			name = "App\"";
			productName = "App\"";
			productReference = D21D64CC27BD1A6500DC41E3 /* App".app */;
			productType = "com.apple.product-type.application";
		};
		D21D64D927BD1A6700DC41E3 /* App" WatchKit App */ = {
			isa = PBXNativeTarget;
			buildConfigurationList = D21D650127BD1A6800DC41E3 /* Build configuration list for PBXNativeTarget "App" WatchKit App" */;
			buildPhases = (
				D21D64D827BD1A6700DC41E3 /* Resources */,
				D21D650027BD1A6800DC41E3 /* Embed App Extensions */,
			);
			buildRules = (
			);
			dependencies = (
				D21D64E827BD1A6800DC41E3 /* PBXTargetDependency */,
			);
			name = "App\" WatchKit App";
			productName = "App\" WatchKit App";
			productReference = D21D64DA27BD1A6700DC41E3 /* App" WatchKit App.app */;
			productType = "com.apple.product-type.application.watchapp2";
		};
		D21D64E427BD1A6800DC41E3 /* App" WatchKit Extension */ = {
			isa = PBXNativeTarget;
			buildConfigurationList = D21D64FD27BD1A6800DC41E3 /* Build configuration list for PBXNativeTarget "App" WatchKit Extension" */;
			buildPhases = (
				D21D64E127BD1A6800DC41E3 /* Sources */,
				D21D64E227BD1A6800DC41E3 /* Frameworks */,
				D21D64E327BD1A6800DC41E3 /* Resources */,
			);
			buildRules = (
			);
			dependencies = (
			);
			name = "App\" WatchKit Extension";
			productName = "App\" WatchKit Extension";
			productReference = D21D64E527BD1A6800DC41E3 /* App" WatchKit Extension.appex */;
			productType = "com.apple.product-type.watchkit2-extension";
		};
/* End PBXNativeTarget section */

/* Begin PBXProject section */
		D21D64C427BD1A6500DC41E3 /* Project object */ = {
			isa = PBXProject;
			attributes = {
				BuildIndependentTargetsInParallel = 1;
				LastSwiftUpdateCheck = 1320;
				LastUpgradeCheck = 1320;
				TargetAttributes = {
					D21D64CB27BD1A6500DC41E3 = {
						CreatedOnToolsVersion = 13.2.1;
					};
					D21D64D927BD1A6700DC41E3 = {
						CreatedOnToolsVersion = 13.2.1;
					};
					D21D64E427BD1A6800DC41E3 = {
						CreatedOnToolsVersion = 13.2.1;
					};
				};
			};
			buildConfigurationList = D21D64C727BD1A6500DC41E3 /* Build configuration list for PBXProject "App"" */;
			compatibilityVersion = "Xcode 13.0";
			developmentRegion = en;
			hasScannedForEncodings = 0;
			knownRegions = (
				en,
				Base,
			);
			mainGroup = D21D64C327BD1A6500DC41E3;
			productRefGroup = D21D64CD27BD1A6500DC41E3 /* Products */;
			projectDirPath = "";
			projectRoot = "";
			targets = (
				D21D64CB27BD1A6500DC41E3 /* App" */,
				D21D64D927BD1A6700DC41E3 /* App" WatchKit App */,
				D21D64E427BD1A6800DC41E3 /* App" WatchKit Extension */,
			);
		};
/* End PBXProject section */

/* Begin PBXResourcesBuildPhase section */
		D21D64CA27BD1A6500DC41E3 /* Resources */ = {
			isa = PBXResourcesBuildPhase;
			buildActionMask = 2147483647;
			files = (
				D21D64D727BD1A6700DC41E3 /* Preview Assets.xcassets in Resources */,
				D21D64D427BD1A6700DC41E3 /* Assets.xcassets in Resources */,
			);
			runOnlyForDeploymentPostprocessing = 0;
		};
		D21D64D827BD1A6700DC41E3 /* Resources */ = {
			isa = PBXResourcesBuildPhase;
			buildActionMask = 2147483647;
			files = (
				D21D64E027BD1A6800DC41E3 /* Assets.xcassets in Resources */,
			);
			runOnlyForDeploymentPostprocessing = 0;
		};
		D21D64E327BD1A6800DC41E3 /* Resources */ = {
			isa = PBXResourcesBuildPhase;
			buildActionMask = 2147483647;
			files = (
				D21D64F827BD1A6800DC41E3 /* Preview Assets.xcassets in Resources */,
				D21D64F527BD1A6800DC41E3 /* Assets.xcassets in Resources */,
			);
			runOnlyForDeploymentPostprocessing = 0;
		};
/* End PBXResourcesBuildPhase section */

/* Begin PBXSourcesBuildPhase section */
		D21D64C827BD1A6500DC41E3 /* Sources */ = {
			isa = PBXSourcesBuildPhase;
			buildActionMask = 2147483647;
			files = (
				D20BFE2527C003F400E410C0 /* InfoView.swift in Sources */,
				D21D64D227BD1A6500DC41E3 /* ContentView.swift in Sources */,
				D20BFE1C27BFDE2C00E410C0 /* FirstView.swift in Sources */,
				D21D64D027BD1A6500DC41E3 /* App_App.swift in Sources */,
				D20BFE1E27BFDEDC00E410C0 /* Avvertenze.swift in Sources */,
				D21D650927BD1AA400DC41E3 /* Classifier.mlmodel in Sources */,
				D21D651127BD1E1E00DC41E3 /* ResultObserver.swift in Sources */,
				FA90DF6227C6875A00685321 /* ConnectivityProvider.swift in Sources */,
			);
			runOnlyForDeploymentPostprocessing = 0;
		};
		D21D64E127BD1A6800DC41E3 /* Sources */ = {
			isa = PBXSourcesBuildPhase;
			buildActionMask = 2147483647;
			files = (
				D21D64EF27BD1A6800DC41E3 /* NotificationController.swift in Sources */,
				D21D64ED27BD1A6800DC41E3 /* ContentView.swift in Sources */,
				D21D650F27BD1BC000DC41E3 /* NotificationDelegate.swift in Sources */,
				D21D64EB27BD1A6800DC41E3 /* App_App.swift in Sources */,
				D21D64F127BD1A6800DC41E3 /* NotificationView.swift in Sources */,
				FA90DF6327C6877700685321 /* ConnectivityProvider.swift in Sources */,
			);
			runOnlyForDeploymentPostprocessing = 0;
		};
/* End PBXSourcesBuildPhase section */

/* Begin PBXTargetDependency section */
		D21D64DD27BD1A6700DC41E3 /* PBXTargetDependency */ = {
			isa = PBXTargetDependency;
			target = D21D64D927BD1A6700DC41E3 /* App" WatchKit App */;
			targetProxy = D21D64DC27BD1A6700DC41E3 /* PBXContainerItemProxy */;
		};
		D21D64E827BD1A6800DC41E3 /* PBXTargetDependency */ = {
			isa = PBXTargetDependency;
			target = D21D64E427BD1A6800DC41E3 /* App" WatchKit Extension */;
			targetProxy = D21D64E727BD1A6800DC41E3 /* PBXContainerItemProxy */;
		};
/* End PBXTargetDependency section */

/* Begin XCBuildConfiguration section */
		D21D64FB27BD1A6800DC41E3 /* Debug */ = {
			isa = XCBuildConfiguration;
			buildSettings = {
				ALWAYS_SEARCH_USER_PATHS = NO;
				CLANG_ANALYZER_NONNULL = YES;
				CLANG_ANALYZER_NUMBER_OBJECT_CONVERSION = YES_AGGRESSIVE;
				CLANG_CXX_LANGUAGE_STANDARD = "gnu++17";
				CLANG_CXX_LIBRARY = "libc++";
				CLANG_ENABLE_MODULES = YES;
				CLANG_ENABLE_OBJC_ARC = YES;
				CLANG_ENABLE_OBJC_WEAK = YES;
				CLANG_WARN_BLOCK_CAPTURE_AUTORELEASING = YES;
				CLANG_WARN_BOOL_CONVERSION = YES;
				CLANG_WARN_COMMA = YES;
				CLANG_WARN_CONSTANT_CONVERSION = YES;
				CLANG_WARN_DEPRECATED_OBJC_IMPLEMENTATIONS = YES;
				CLANG_WARN_DIRECT_OBJC_ISA_USAGE = YES_ERROR;
				CLANG_WARN_DOCUMENTATION_COMMENTS = YES;
				CLANG_WARN_EMPTY_BODY = YES;
				CLANG_WARN_ENUM_CONVERSION = YES;
				CLANG_WARN_INFINITE_RECURSION = YES;
				CLANG_WARN_INT_CONVERSION = YES;
				CLANG_WARN_NON_LITERAL_NULL_CONVERSION = YES;
				CLANG_WARN_OBJC_IMPLICIT_RETAIN_SELF = YES;
				CLANG_WARN_OBJC_LITERAL_CONVERSION = YES;
				CLANG_WARN_OBJC_ROOT_CLASS = YES_ERROR;
				CLANG_WARN_QUOTED_INCLUDE_IN_FRAMEWORK_HEADER = YES;
				CLANG_WARN_RANGE_LOOP_ANALYSIS = YES;
				CLANG_WARN_STRICT_PROTOTYPES = YES;
				CLANG_WARN_SUSPICIOUS_MOVE = YES;
				CLANG_WARN_UNGUARDED_AVAILABILITY = YES_AGGRESSIVE;
				CLANG_WARN_UNREACHABLE_CODE = YES;
				CLANG_WARN__DUPLICATE_METHOD_MATCH = YES;
				COPY_PHASE_STRIP = NO;
				DEBUG_INFORMATION_FORMAT = dwarf;
				ENABLE_STRICT_OBJC_MSGSEND = YES;
				ENABLE_TESTABILITY = YES;
				GCC_C_LANGUAGE_STANDARD = gnu11;
				GCC_DYNAMIC_NO_PIC = NO;
				GCC_NO_COMMON_BLOCKS = YES;
				GCC_OPTIMIZATION_LEVEL = 0;
				GCC_PREPROCESSOR_DEFINITIONS = (
					"DEBUG=1",
					"$(inherited)",
				);
				GCC_WARN_64_TO_32_BIT_CONVERSION = YES;
				GCC_WARN_ABOUT_RETURN_TYPE = YES_ERROR;
				GCC_WARN_UNDECLARED_SELECTOR = YES;
				GCC_WARN_UNINITIALIZED_AUTOS = YES_AGGRESSIVE;
				GCC_WARN_UNUSED_FUNCTION = YES;
				GCC_WARN_UNUSED_VARIABLE = YES;
				MTL_ENABLE_DEBUG_INFO = INCLUDE_SOURCE;
				MTL_FAST_MATH = YES;
				ONLY_ACTIVE_ARCH = YES;
				SWIFT_ACTIVE_COMPILATION_CONDITIONS = DEBUG;
				SWIFT_OPTIMIZATION_LEVEL = "-Onone";
			};
			name = Debug;
		};
		D21D64FC27BD1A6800DC41E3 /* Release */ = {
			isa = XCBuildConfiguration;
			buildSettings = {
				ALWAYS_SEARCH_USER_PATHS = NO;
				CLANG_ANALYZER_NONNULL = YES;
				CLANG_ANALYZER_NUMBER_OBJECT_CONVERSION = YES_AGGRESSIVE;
				CLANG_CXX_LANGUAGE_STANDARD = "gnu++17";
				CLANG_CXX_LIBRARY = "libc++";
				CLANG_ENABLE_MODULES = YES;
				CLANG_ENABLE_OBJC_ARC = YES;
				CLANG_ENABLE_OBJC_WEAK = YES;
				CLANG_WARN_BLOCK_CAPTURE_AUTORELEASING = YES;
				CLANG_WARN_BOOL_CONVERSION = YES;
				CLANG_WARN_COMMA = YES;
				CLANG_WARN_CONSTANT_CONVERSION = YES;
				CLANG_WARN_DEPRECATED_OBJC_IMPLEMENTATIONS = YES;
				CLANG_WARN_DIRECT_OBJC_ISA_USAGE = YES_ERROR;
				CLANG_WARN_DOCUMENTATION_COMMENTS = YES;
				CLANG_WARN_EMPTY_BODY = YES;
				CLANG_WARN_ENUM_CONVERSION = YES;
				CLANG_WARN_INFINITE_RECURSION = YES;
				CLANG_WARN_INT_CONVERSION = YES;
				CLANG_WARN_NON_LITERAL_NULL_CONVERSION = YES;
				CLANG_WARN_OBJC_IMPLICIT_RETAIN_SELF = YES;
				CLANG_WARN_OBJC_LITERAL_CONVERSION = YES;
				CLANG_WARN_OBJC_ROOT_CLASS = YES_ERROR;
				CLANG_WARN_QUOTED_INCLUDE_IN_FRAMEWORK_HEADER = YES;
				CLANG_WARN_RANGE_LOOP_ANALYSIS = YES;
				CLANG_WARN_STRICT_PROTOTYPES = YES;
				CLANG_WARN_SUSPICIOUS_MOVE = YES;
				CLANG_WARN_UNGUARDED_AVAILABILITY = YES_AGGRESSIVE;
				CLANG_WARN_UNREACHABLE_CODE = YES;
				CLANG_WARN__DUPLICATE_METHOD_MATCH = YES;
				COPY_PHASE_STRIP = NO;
				DEBUG_INFORMATION_FORMAT = "dwarf-with-dsym";
				ENABLE_NS_ASSERTIONS = NO;
				ENABLE_STRICT_OBJC_MSGSEND = YES;
				GCC_C_LANGUAGE_STANDARD = gnu11;
				GCC_NO_COMMON_BLOCKS = YES;
				GCC_WARN_64_TO_32_BIT_CONVERSION = YES;
				GCC_WARN_ABOUT_RETURN_TYPE = YES_ERROR;
				GCC_WARN_UNDECLARED_SELECTOR = YES;
				GCC_WARN_UNINITIALIZED_AUTOS = YES_AGGRESSIVE;
				GCC_WARN_UNUSED_FUNCTION = YES;
				GCC_WARN_UNUSED_VARIABLE = YES;
				MTL_ENABLE_DEBUG_INFO = NO;
				MTL_FAST_MATH = YES;
				SWIFT_COMPILATION_MODE = wholemodule;
				SWIFT_OPTIMIZATION_LEVEL = "-O";
			};
			name = Release;
		};
		D21D64FE27BD1A6800DC41E3 /* Debug */ = {
			isa = XCBuildConfiguration;
			buildSettings = {
				ASSETCATALOG_COMPILER_COMPLICATION_NAME = Complication;
				CODE_SIGN_STYLE = Automatic;
				CURRENT_PROJECT_VERSION = 1;
				DEVELOPMENT_ASSET_PATHS = "\"App\\\" WatchKit Extension/Preview Content\"";
				DEVELOPMENT_TEAM = HRRL552776;
				ENABLE_PREVIEWS = YES;
				GENERATE_INFOPLIST_FILE = YES;
				INFOPLIST_FILE = "App\" WatchKit Extension/Info.plist";
				INFOPLIST_KEY_CFBundleDisplayName = "App\" WatchKit Extension";
				INFOPLIST_KEY_CLKComplicationPrincipalClass = "$(PRODUCT_MODULE_NAME).ComplicationController";
				INFOPLIST_KEY_NSHumanReadableCopyright = "";
				INFOPLIST_KEY_WKRunsIndependentlyOfCompanionApp = YES;
				LD_RUNPATH_SEARCH_PATHS = (
					"$(inherited)",
					"@executable_path/Frameworks",
					"@executable_path/../../Frameworks",
				);
				MARKETING_VERSION = 1.0;
				PRODUCT_BUNDLE_IDENTIFIER = "it.saraizzo.App-.watchkitapp.watchkitextension";
				PRODUCT_NAME = "${TARGET_NAME}";
				SDKROOT = watchos;
				SKIP_INSTALL = YES;
				SWIFT_EMIT_LOC_STRINGS = YES;
				SWIFT_VERSION = 5.0;
				TARGETED_DEVICE_FAMILY = 4;
				WATCHOS_DEPLOYMENT_TARGET = 8.3;
			};
			name = Debug;
		};
		D21D64FF27BD1A6800DC41E3 /* Release */ = {
			isa = XCBuildConfiguration;
			buildSettings = {
				ASSETCATALOG_COMPILER_COMPLICATION_NAME = Complication;
				CODE_SIGN_STYLE = Automatic;
				CURRENT_PROJECT_VERSION = 1;
				DEVELOPMENT_ASSET_PATHS = "\"App\\\" WatchKit Extension/Preview Content\"";
				DEVELOPMENT_TEAM = HRRL552776;
				ENABLE_PREVIEWS = YES;
				GENERATE_INFOPLIST_FILE = YES;
				INFOPLIST_FILE = "App\" WatchKit Extension/Info.plist";
				INFOPLIST_KEY_CFBundleDisplayName = "App\" WatchKit Extension";
				INFOPLIST_KEY_CLKComplicationPrincipalClass = "$(PRODUCT_MODULE_NAME).ComplicationController";
				INFOPLIST_KEY_NSHumanReadableCopyright = "";
				INFOPLIST_KEY_WKRunsIndependentlyOfCompanionApp = YES;
				LD_RUNPATH_SEARCH_PATHS = (
					"$(inherited)",
					"@executable_path/Frameworks",
					"@executable_path/../../Frameworks",
				);
				MARKETING_VERSION = 1.0;
				PRODUCT_BUNDLE_IDENTIFIER = "it.saraizzo.App-.watchkitapp.watchkitextension";
				PRODUCT_NAME = "${TARGET_NAME}";
				SDKROOT = watchos;
				SKIP_INSTALL = YES;
				SWIFT_EMIT_LOC_STRINGS = YES;
				SWIFT_VERSION = 5.0;
				TARGETED_DEVICE_FAMILY = 4;
				VALIDATE_PRODUCT = YES;
				WATCHOS_DEPLOYMENT_TARGET = 8.3;
			};
			name = Release;
		};
		D21D650227BD1A6800DC41E3 /* Debug */ = {
			isa = XCBuildConfiguration;
			buildSettings = {
				ALWAYS_EMBED_SWIFT_STANDARD_LIBRARIES = YES;
				ASSETCATALOG_COMPILER_APPICON_NAME = AppIcon;
				ASSETCATALOG_COMPILER_GLOBAL_ACCENT_COLOR_NAME = AccentColor;
				CODE_SIGN_STYLE = Automatic;
				CURRENT_PROJECT_VERSION = 1;
				DEVELOPMENT_TEAM = HRRL552776;
				GENERATE_INFOPLIST_FILE = YES;
				IBSC_MODULE = App__WatchKit_Extension;
				INFOPLIST_KEY_CFBundleDisplayName = "App\" WatchKit App";
				INFOPLIST_KEY_UISupportedInterfaceOrientations = "UIInterfaceOrientationPortrait UIInterfaceOrientationPortraitUpsideDown";
				INFOPLIST_KEY_WKCompanionAppBundleIdentifier = "it.saraizzo.App-";
				MARKETING_VERSION = 1.0;
				PRODUCT_BUNDLE_IDENTIFIER = "it.saraizzo.App-.watchkitapp";
				PRODUCT_NAME = "$(TARGET_NAME)";
				SDKROOT = watchos;
				SKIP_INSTALL = YES;
				SWIFT_EMIT_LOC_STRINGS = YES;
				SWIFT_VERSION = 5.0;
				TARGETED_DEVICE_FAMILY = 4;
				WATCHOS_DEPLOYMENT_TARGET = 8.3;
			};
			name = Debug;
		};
		D21D650327BD1A6800DC41E3 /* Release */ = {
			isa = XCBuildConfiguration;
			buildSettings = {
				ALWAYS_EMBED_SWIFT_STANDARD_LIBRARIES = YES;
				ASSETCATALOG_COMPILER_APPICON_NAME = AppIcon;
				ASSETCATALOG_COMPILER_GLOBAL_ACCENT_COLOR_NAME = AccentColor;
				CODE_SIGN_STYLE = Automatic;
				CURRENT_PROJECT_VERSION = 1;
				DEVELOPMENT_TEAM = HRRL552776;
				GENERATE_INFOPLIST_FILE = YES;
				IBSC_MODULE = App__WatchKit_Extension;
				INFOPLIST_KEY_CFBundleDisplayName = "App\" WatchKit App";
				INFOPLIST_KEY_UISupportedInterfaceOrientations = "UIInterfaceOrientationPortrait UIInterfaceOrientationPortraitUpsideDown";
				INFOPLIST_KEY_WKCompanionAppBundleIdentifier = "it.saraizzo.App-";
				MARKETING_VERSION = 1.0;
				PRODUCT_BUNDLE_IDENTIFIER = "it.saraizzo.App-.watchkitapp";
				PRODUCT_NAME = "$(TARGET_NAME)";
				SDKROOT = watchos;
				SKIP_INSTALL = YES;
				SWIFT_EMIT_LOC_STRINGS = YES;
				SWIFT_VERSION = 5.0;
				TARGETED_DEVICE_FAMILY = 4;
				VALIDATE_PRODUCT = YES;
				WATCHOS_DEPLOYMENT_TARGET = 8.3;
			};
			name = Release;
		};
		D21D650627BD1A6800DC41E3 /* Debug */ = {
			isa = XCBuildConfiguration;
			buildSettings = {
				ASSETCATALOG_COMPILER_APPICON_NAME = AppIcon;
				ASSETCATALOG_COMPILER_GLOBAL_ACCENT_COLOR_NAME = AccentColor;
				CODE_SIGN_STYLE = Automatic;
				CURRENT_PROJECT_VERSION = 1;
				DEVELOPMENT_ASSET_PATHS = "\"App\\\"/Preview Content\"";
				DEVELOPMENT_TEAM = HRRL552776;
				ENABLE_PREVIEWS = YES;
				GENERATE_INFOPLIST_FILE = YES;
				INFOPLIST_KEY_UIApplicationSceneManifest_Generation = YES;
				INFOPLIST_KEY_UIApplicationSupportsIndirectInputEvents = YES;
				INFOPLIST_KEY_UILaunchScreen_Generation = YES;
				INFOPLIST_KEY_UISupportedInterfaceOrientations_iPad = "UIInterfaceOrientationPortrait UIInterfaceOrientationPortraitUpsideDown UIInterfaceOrientationLandscapeLeft UIInterfaceOrientationLandscapeRight";
				INFOPLIST_KEY_UISupportedInterfaceOrientations_iPhone = "UIInterfaceOrientationPortrait UIInterfaceOrientationLandscapeLeft UIInterfaceOrientationLandscapeRight";
				IPHONEOS_DEPLOYMENT_TARGET = 15.2;
				LD_RUNPATH_SEARCH_PATHS = (
					"$(inherited)",
					"@executable_path/Frameworks",
				);
				MARKETING_VERSION = 1.0;
				PRODUCT_BUNDLE_IDENTIFIER = "it.saraizzo.App-";
				PRODUCT_NAME = "$(TARGET_NAME)";
				SDKROOT = iphoneos;
				SWIFT_EMIT_LOC_STRINGS = YES;
				SWIFT_VERSION = 5.0;
				TARGETED_DEVICE_FAMILY = "1,2";
			};
			name = Debug;
		};
		D21D650727BD1A6800DC41E3 /* Release */ = {
			isa = XCBuildConfiguration;
			buildSettings = {
				ASSETCATALOG_COMPILER_APPICON_NAME = AppIcon;
				ASSETCATALOG_COMPILER_GLOBAL_ACCENT_COLOR_NAME = AccentColor;
				CODE_SIGN_STYLE = Automatic;
				CURRENT_PROJECT_VERSION = 1;
				DEVELOPMENT_ASSET_PATHS = "\"App\\\"/Preview Content\"";
				DEVELOPMENT_TEAM = HRRL552776;
				ENABLE_PREVIEWS = YES;
				GENERATE_INFOPLIST_FILE = YES;
				INFOPLIST_KEY_UIApplicationSceneManifest_Generation = YES;
				INFOPLIST_KEY_UIApplicationSupportsIndirectInputEvents = YES;
				INFOPLIST_KEY_UILaunchScreen_Generation = YES;
				INFOPLIST_KEY_UISupportedInterfaceOrientations_iPad = "UIInterfaceOrientationPortrait UIInterfaceOrientationPortraitUpsideDown UIInterfaceOrientationLandscapeLeft UIInterfaceOrientationLandscapeRight";
				INFOPLIST_KEY_UISupportedInterfaceOrientations_iPhone = "UIInterfaceOrientationPortrait UIInterfaceOrientationLandscapeLeft UIInterfaceOrientationLandscapeRight";
				IPHONEOS_DEPLOYMENT_TARGET = 15.2;
				LD_RUNPATH_SEARCH_PATHS = (
					"$(inherited)",
					"@executable_path/Frameworks",
				);
				MARKETING_VERSION = 1.0;
				PRODUCT_BUNDLE_IDENTIFIER = "it.saraizzo.App-";
				PRODUCT_NAME = "$(TARGET_NAME)";
				SDKROOT = iphoneos;
				SWIFT_EMIT_LOC_STRINGS = YES;
				SWIFT_VERSION = 5.0;
				TARGETED_DEVICE_FAMILY = "1,2";
				VALIDATE_PRODUCT = YES;
			};
			name = Release;
		};
/* End XCBuildConfiguration section */

/* Begin XCConfigurationList section */
		D21D64C727BD1A6500DC41E3 /* Build configuration list for PBXProject "App"" */ = {
			isa = XCConfigurationList;
			buildConfigurations = (
				D21D64FB27BD1A6800DC41E3 /* Debug */,
				D21D64FC27BD1A6800DC41E3 /* Release */,
			);
			defaultConfigurationIsVisible = 0;
			defaultConfigurationName = Release;
		};
		D21D64FD27BD1A6800DC41E3 /* Build configuration list for PBXNativeTarget "App" WatchKit Extension" */ = {
			isa = XCConfigurationList;
			buildConfigurations = (
				D21D64FE27BD1A6800DC41E3 /* Debug */,
				D21D64FF27BD1A6800DC41E3 /* Release */,
			);
			defaultConfigurationIsVisible = 0;
			defaultConfigurationName = Release;
		};
		D21D650127BD1A6800DC41E3 /* Build configuration list for PBXNativeTarget "App" WatchKit App" */ = {
			isa = XCConfigurationList;
			buildConfigurations = (
				D21D650227BD1A6800DC41E3 /* Debug */,
				D21D650327BD1A6800DC41E3 /* Release */,
			);
			defaultConfigurationIsVisible = 0;
			defaultConfigurationName = Release;
		};
		D21D650527BD1A6800DC41E3 /* Build configuration list for PBXNativeTarget "App"" */ = {
			isa = XCConfigurationList;
			buildConfigurations = (
				D21D650627BD1A6800DC41E3 /* Debug */,
				D21D650727BD1A6800DC41E3 /* Release */,
			);
			defaultConfigurationIsVisible = 0;
			defaultConfigurationName = Release;
		};
/* End XCConfigurationList section */
	};
	rootObject = D21D64C427BD1A6500DC41E3 /* Project object */;
}
